
Microsoft Visual Studio Solution File, Format Version 12.00
# Visual Studio Version 17
VisualStudioVersion = 17.11.35327.3
MinimumVisualStudioVersion = 10.0.40219.1
Project("{FAE04EC0-301F-11D3-BF4B-00C04F79EFBC}") = "PatternProgramAssessments", "PatternProgramAssessments\PatternProgramAssessments.csproj", "{1195D2B4-CDE1-4173-A6AE-E7AD55D25262}"
EndProject
Global
	GlobalSection(SolutionConfigurationPlatforms) = preSolution
		Debug|Any CPU = Debug|Any CPU
		Release|Any CPU = Release|Any CPU
	EndGlobalSection
	GlobalSection(ProjectConfigurationPlatforms) = postSolution
		{1195D2B4-CDE1-4173-A6AE-E7AD55D25262}.Debug|Any CPU.ActiveCfg = Debug|Any CPU
		{1195D2B4-CDE1-4173-A6AE-E7AD55D25262}.Debug|Any CPU.Build.0 = Debug|Any CPU
		{1195D2B4-CDE1-4173-A6AE-E7AD55D25262}.Release|Any CPU.ActiveCfg = Release|Any CPU
		{1195D2B4-CDE1-4173-A6AE-E7AD55D25262}.Release|Any CPU.Build.0 = Release|Any CPU
	EndGlobalSection
	GlobalSection(SolutionProperties) = preSolution
		HideSolutionNode = FALSE
	EndGlobalSection
	GlobalSection(ExtensibilityGlobals) = postSolution
		SolutionGuid = {0DEFA1BD-54C4-471C-899F-F2E74A7609F3}
	EndGlobalSection
EndGlobal
